
Microsoft Visual Studio Solution File, Format Version 12.00
# Visual Studio Version 17
VisualStudioVersion = 17.5.33530.505
MinimumVisualStudioVersion = 10.0.40219.1
Project("{FAE04EC0-301F-11D3-BF4B-00C04F79EFBC}") = "azure-appservice-apis", "azure-appservice-apis.csproj", "{F288126C-0DA4-47F0-813E-AD712A333AC7}"
EndProject
Global
	GlobalSection(SolutionConfigurationPlatforms) = preSolution
		Debug|Any CPU = Debug|Any CPU
		Release|Any CPU = Release|Any CPU
	EndGlobalSection
	GlobalSection(ProjectConfigurationPlatforms) = postSolution
		{F288126C-0DA4-47F0-813E-AD712A333AC7}.Debug|Any CPU.ActiveCfg = Debug|Any CPU
		{F288126C-0DA4-47F0-813E-AD712A333AC7}.Debug|Any CPU.Build.0 = Debug|Any CPU
		{F288126C-0DA4-47F0-813E-AD712A333AC7}.Release|Any CPU.ActiveCfg = Release|Any CPU
		{F288126C-0DA4-47F0-813E-AD712A333AC7}.Release|Any CPU.Build.0 = Release|Any CPU
	EndGlobalSection
	GlobalSection(SolutionProperties) = preSolution
		HideSolutionNode = FALSE
	EndGlobalSection
	GlobalSection(ExtensibilityGlobals) = postSolution
		SolutionGuid = {A7158302-4191-422D-AF9E-5E6C008BEC80}
	EndGlobalSection
EndGlobal
